{
  "name": "verification-automation",
  "version": "1.0.0",
  "lockfileVersion": 3,
  "requires": true,
  "packages": {
    "": {
      "name": "verification-automation",
      "version": "1.0.0",
      "dependencies": {
        "commander": "^12.1.0",
        "dotenv": "^17.2.3",
        "postman-cli": "^1.34.1"
      }
    },
    "node_modules/@postman/pm-bin-linux-arm64": {
      "version": "1.34.1",
      "resolved": "https://registry.npmjs.org/@postman/pm-bin-linux-arm64/-/pm-bin-linux-arm64-1.34.1.tgz",
      "integrity": "sha512-hjnxSb2AtVNg57fUQzsTMihFGL60lLtvopysfVy4YimljwjP1m3FAayT3vCmd8jg99rc5ko+eYORVmsN8Ufa9A==",
      "cpu": [
        "arm64"
      ],
      "optional": true,
      "os": [
        "linux"
      ]
    },
    "node_modules/@postman/pm-bin-linux-x64": {
      "version": "1.34.1",
      "resolved": "https://registry.npmjs.org/@postman/pm-bin-linux-x64/-/pm-bin-linux-x64-1.34.1.tgz",
      "integrity": "sha512-p5UiFEjXpp/rDNm569mvTsdKUZ7qrtARqL13hnKnb+hAphc8LnbDBfZVA5bh3xXUaBaFGKd76+WMxkezHfC6Fw==",
      "cpu": [
        "x64"
      ],
      "optional": true,
      "os": [
        "linux"
      ]
    },
    "node_modules/@postman/pm-bin-macos-arm64": {
      "version": "1.34.1",
      "resolved": "https://registry.npmjs.org/@postman/pm-bin-macos-arm64/-/pm-bin-macos-arm64-1.34.1.tgz",
      "integrity": "sha512-OFfwWjUJnm4ztAqtR/+HdohbhGd29fNoPJiG9ynnGAl7eGj3LjpLW09atNai1Q4b7CiRLvdr5PdY1wKHl0v9OA==",
      "cpu": [
        "arm64"
      ],
      "optional": true,
      "os": [
        "darwin"
      ]
    },
    "node_modules/@postman/pm-bin-macos-x64": {
      "version": "1.34.1",
      "resolved": "https://registry.npmjs.org/@postman/pm-bin-macos-x64/-/pm-bin-macos-x64-1.34.1.tgz",
      "integrity": "sha512-C3bZozOf/XCaPXphHeHRPZ7CE6r1yf49gdIGrEBD7WIiNnE5GW35hCcKyQoncq/Qb3kEFAHEby+fnDM5guIbKA==",
      "cpu": [
        "x64"
      ],
      "optional": true,
      "os": [
        "darwin"
      ]
    },
    "node_modules/@postman/pm-bin-windows-x64": {
      "version": "1.34.1",
      "resolved": "https://registry.npmjs.org/@postman/pm-bin-windows-x64/-/pm-bin-windows-x64-1.34.1.tgz",
      "integrity": "sha512-lwvesooTW68QXcncwtXufEngyo6AYBINsTftwRDXZfh83fl5QnhzLlBt6RZ+XuRAKp2KSsEv1312MpN6BcMNag==",
      "cpu": [
        "x64"
      ],
      "optional": true,
      "os": [
        "win32"
      ]
    },
    "node_modules/commander": {
      "version": "12.1.0",
      "resolved": "https://registry.npmjs.org/commander/-/commander-12.1.0.tgz",
      "integrity": "sha512-Vw8qHK3bZM9y/P10u3Vib8o/DdkvA2OtPtZvD871QKjy74Wj1WSKFILMPRPSdUSx5RFK1arlJzEtA4PkFgnbuA==",
      "license": "MIT",
      "engines": {
        "node": ">=18"
      }
    },
    "node_modules/dotenv": {
      "version": "17.4.2",
      "resolved": "https://registry.npmjs.org/dotenv/-/dotenv-17.4.2.tgz",
      "integrity": "sha512-nI4U3TottKAcAD9LLud4Cb7b2QztQMUEfHbvhTH09bqXTxnSie8WnjPALV/WMCrJZ6UV/qHJ6L03OqO3LcdYZw==",
      "license": "BSD-2-Clause",
      "engines": {
        "node": ">=12"
      },
      "funding": {
        "url": "https://dotenvx.com"
      }
    },
    "node_modules/postman-cli": {
      "version": "1.34.1",
      "resolved": "https://registry.npmjs.org/postman-cli/-/postman-cli-1.34.1.tgz",
      "integrity": "sha512-oN2yw8AxSqVb+vJeJ4cMGa5k8wM+JFIr89n8OE4hiRPZ5xf5F4Nx1uEHqLTmDdo8XTBKk5NsyF8iloNl0APAdQ==",
      "bin": {
        "postman": "bin/postman.js"
      },
      "optionalDependencies": {
        "@postman/pm-bin-linux-arm64": "1.34.1",
        "@postman/pm-bin-linux-x64": "1.34.1",
        "@postman/pm-bin-macos-arm64": "1.34.1",
        "@postman/pm-bin-macos-x64": "1.34.1",
        "@postman/pm-bin-windows-x64": "1.34.1"
      }
    }
  }
}
